// !$*UTF8*$!
{
	archiveVersion = 1;
	classes = {
	};
	objectVersion = 46;
	objects = {

/* Begin PBXBuildFile section */
		73D3E3AD1CB45E0A00EEF288 /* AppDelegate.swift in Sources */ = {isa = PBXBuildFile; fileRef = 73D3E3AC1CB45E0A00EEF288 /* AppDelegate.swift */; };
		73D3E3AF1CB45E0A00EEF288 /* ViewController.swift in Sources */ = {isa = PBXBuildFile; fileRef = 73D3E3AE1CB45E0A00EEF288 /* ViewController.swift */; };
		73D3E3B21CB45E0A00EEF288 /* Main.storyboard in Resources */ = {isa = PBXBuildFile; fileRef = 73D3E3B01CB45E0A00EEF288 /* Main.storyboard */; };
		73D3E3B41CB45E0A00EEF288 /* Assets.xcassets in Resources */ = {isa = PBXBuildFile; fileRef = 73D3E3B31CB45E0A00EEF288 /* Assets.xcassets */; };
		73D3E3B71CB45E0A00EEF288 /* LaunchScreen.storyboard in Resources */ = {isa = PBXBuildFile; fileRef = 73D3E3B51CB45E0A00EEF288 /* LaunchScreen.storyboard */; };
		73D3E3C21CB45E0A00EEF288 /* Navigation_TabBarControllerTests.swift in Sources */ = {isa = PBXBuildFile; fileRef = 73D3E3C11CB45E0A00EEF288 /* Navigation_TabBarControllerTests.swift */; };
		73D3E3CD1CB45E0A00EEF288 /* Navigation_TabBarControllerUITests.swift in Sources */ = {isa = PBXBuildFile; fileRef = 73D3E3CC1CB45E0A00EEF288 /* Navigation_TabBarControllerUITests.swift */; };
		73D3E3DB1CB45E2F00EEF288 /* SecondVCViewController.swift in Sources */ = {isa = PBXBuildFile; fileRef = 73D3E3DA1CB45E2F00EEF288 /* SecondVCViewController.swift */; };
		73D3E3DD1CB45E4D00EEF288 /* ThirdVC.swift in Sources */ = {isa = PBXBuildFile; fileRef = 73D3E3DC1CB45E4D00EEF288 /* ThirdVC.swift */; };
/* End PBXBuildFile section */

/* Begin PBXContainerItemProxy section */
		73D3E3BE1CB45E0A00EEF288 /* PBXContainerItemProxy */ = {
			isa = PBXContainerItemProxy;
			containerPortal = 73D3E3A11CB45E0A00EEF288 /* Project object */;
			proxyType = 1;
			remoteGlobalIDString = 73D3E3A81CB45E0A00EEF288;
			remoteInfo = "Navigation+TabBarController";
		};
		73D3E3C91CB45E0A00EEF288 /* PBXContainerItemProxy */ = {
			isa = PBXContainerItemProxy;
			containerPortal = 73D3E3A11CB45E0A00EEF288 /* Project object */;
			proxyType = 1;
			remoteGlobalIDString = 73D3E3A81CB45E0A00EEF288;
			remoteInfo = "Navigation+TabBarController";
		};
/* End PBXContainerItemProxy section */

/* Begin PBXFileReference section */
		73D3E3A91CB45E0A00EEF288 /* Navigation+TabBarController.app */ = {isa = PBXFileReference; explicitFileType = wrapper.application; includeInIndex = 0; path = "Navigation+TabBarController.app"; sourceTree = BUILT_PRODUCTS_DIR; };
		73D3E3AC1CB45E0A00EEF288 /* AppDelegate.swift */ = {isa = PBXFileReference; lastKnownFileType = sourcecode.swift; path = AppDelegate.swift; sourceTree = "<group>"; };
		73D3E3AE1CB45E0A00EEF288 /* ViewController.swift */ = {isa = PBXFileReference; lastKnownFileType = sourcecode.swift; path = ViewController.swift; sourceTree = "<group>"; };
		73D3E3B11CB45E0A00EEF288 /* Base */ = {isa = PBXFileReference; lastKnownFileType = file.storyboard; name = Base; path = Base.lproj/Main.storyboard; sourceTree = "<group>"; };
		73D3E3B31CB45E0A00EEF288 /* Assets.xcassets */ = {isa = PBXFileReference; lastKnownFileType = folder.assetcatalog; path = Assets.xcassets; sourceTree = "<group>"; };
		73D3E3B61CB45E0A00EEF288 /* Base */ = {isa = PBXFileReference; lastKnownFileType = file.storyboard; name = Base; path = Base.lproj/LaunchScreen.storyboard; sourceTree = "<group>"; };
		73D3E3B81CB45E0A00EEF288 /* Info.plist */ = {isa = PBXFileReference; lastKnownFileType = text.plist.xml; path = Info.plist; sourceTree = "<group>"; };
		73D3E3BD1CB45E0A00EEF288 /* Navigation+TabBarControllerTests.xctest */ = {isa = PBXFileReference; explicitFileType = wrapper.cfbundle; includeInIndex = 0; path = "Navigation+TabBarControllerTests.xctest"; sourceTree = BUILT_PRODUCTS_DIR; };
		73D3E3C11CB45E0A00EEF288 /* Navigation_TabBarControllerTests.swift */ = {isa = PBXFileReference; lastKnownFileType = sourcecode.swift; path = Navigation_TabBarControllerTests.swift; sourceTree = "<group>"; };
		73D3E3C31CB45E0A00EEF288 /* Info.plist */ = {isa = PBXFileReference; lastKnownFileType = text.plist.xml; path = Info.plist; sourceTree = "<group>"; };
		73D3E3C81CB45E0A00EEF288 /* Navigation+TabBarControllerUITests.xctest */ = {isa = PBXFileReference; explicitFileType = wrapper.cfbundle; includeInIndex = 0; path = "Navigation+TabBarControllerUITests.xctest"; sourceTree = BUILT_PRODUCTS_DIR; };
		73D3E3CC1CB45E0A00EEF288 /* Navigation_TabBarControllerUITests.swift */ = {isa = PBXFileReference; lastKnownFileType = sourcecode.swift; path = Navigation_TabBarControllerUITests.swift; sourceTree = "<group>"; };
		73D3E3CE1CB45E0A00EEF288 /* Info.plist */ = {isa = PBXFileReference; lastKnownFileType = text.plist.xml; path = Info.plist; sourceTree = "<group>"; };
		73D3E3DA1CB45E2F00EEF288 /* SecondVCViewController.swift */ = {isa = PBXFileReference; fileEncoding = 4; lastKnownFileType = sourcecode.swift; path = SecondVCViewController.swift; sourceTree = "<group>"; };
		73D3E3DC1CB45E4D00EEF288 /* ThirdVC.swift */ = {isa = PBXFileReference; fileEncoding = 4; lastKnownFileType = sourcecode.swift; path = ThirdVC.swift; sourceTree = "<group>"; };
/* End PBXFileReference section */

/* Begin PBXFrameworksBuildPhase section */
		73D3E3A61CB45E0A00EEF288 /* Frameworks */ = {
			isa = PBXFrameworksBuildPhase;
			buildActionMask = 2147483647;
			files = (
			);
			runOnlyForDeploymentPostprocessing = 0;
		};
		73D3E3BA1CB45E0A00EEF288 /* Frameworks */ = {
			isa = PBXFrameworksBuildPhase;
			buildActionMask = 2147483647;
			files = (
			);
			runOnlyForDeploymentPostprocessing = 0;
		};
		73D3E3C51CB45E0A00EEF288 /* Frameworks */ = {
			isa = PBXFrameworksBuildPhase;
			buildActionMask = 2147483647;
			files = (
			);
			runOnlyForDeploymentPostprocessing = 0;
		};
/* End PBXFrameworksBuildPhase section */

/* Begin PBXGroup section */
		73D3E3A01CB45E0A00EEF288 = {
			isa = PBXGroup;
			children = (
				73D3E3AB1CB45E0A00EEF288 /* Navigation+TabBarController */,
				73D3E3C01CB45E0A00EEF288 /* Navigation+TabBarControllerTests */,
				73D3E3CB1CB45E0A00EEF288 /* Navigation+TabBarControllerUITests */,
				73D3E3AA1CB45E0A00EEF288 /* Products */,
			);
			sourceTree = "<group>";
		};
		73D3E3AA1CB45E0A00EEF288 /* Products */ = {
			isa = PBXGroup;
			children = (
				73D3E3A91CB45E0A00EEF288 /* Navigation+TabBarController.app */,
				73D3E3BD1CB45E0A00EEF288 /* Navigation+TabBarControllerTests.xctest */,
				73D3E3C81CB45E0A00EEF288 /* Navigation+TabBarControllerUITests.xctest */,
			);
			name = Products;
			sourceTree = "<group>";
		};
		73D3E3AB1CB45E0A00EEF288 /* Navigation+TabBarController */ = {
			isa = PBXGroup;
			children = (
				73D3E3AC1CB45E0A00EEF288 /* AppDelegate.swift */,
				73D3E3AE1CB45E0A00EEF288 /* ViewController.swift */,
				73D3E3DA1CB45E2F00EEF288 /* SecondVCViewController.swift */,
				73D3E3DC1CB45E4D00EEF288 /* ThirdVC.swift */,
				73D3E3B01CB45E0A00EEF288 /* Main.storyboard */,
				73D3E3B31CB45E0A00EEF288 /* Assets.xcassets */,
				73D3E3B51CB45E0A00EEF288 /* LaunchScreen.storyboard */,
				73D3E3B81CB45E0A00EEF288 /* Info.plist */,
			);
			path = "Navigation+TabBarController";
			sourceTree = "<group>";
		};
		73D3E3C01CB45E0A00EEF288 /* Navigation+TabBarControllerTests */ = {
			isa = PBXGroup;
			children = (
				73D3E3C11CB45E0A00EEF288 /* Navigation_TabBarControllerTests.swift */,
				73D3E3C31CB45E0A00EEF288 /* Info.plist */,
			);
			path = "Navigation+TabBarControllerTests";
			sourceTree = "<group>";
		};
		73D3E3CB1CB45E0A00EEF288 /* Navigation+TabBarControllerUITests */ = {
			isa = PBXGroup;
			children = (
				73D3E3CC1CB45E0A00EEF288 /* Navigation_TabBarControllerUITests.swift */,
				73D3E3CE1CB45E0A00EEF288 /* Info.plist */,
			);
			path = "Navigation+TabBarControllerUITests";
			sourceTree = "<group>";
		};
/* End PBXGroup section */

/* Begin PBXNativeTarget section */
		73D3E3A81CB45E0A00EEF288 /* Navigation+TabBarController */ = {
			isa = PBXNativeTarget;
			buildConfigurationList = 73D3E3D11CB45E0A00EEF288 /* Build configuration list for PBXNativeTarget "Navigation+TabBarController" */;
			buildPhases = (
				73D3E3A51CB45E0A00EEF288 /* Sources */,
				73D3E3A61CB45E0A00EEF288 /* Frameworks */,
				73D3E3A71CB45E0A00EEF288 /* Resources */,
			);
			buildRules = (
			);
			dependencies = (
			);
			name = "Navigation+TabBarController";
			productName = "Navigation+TabBarController";
			productReference = 73D3E3A91CB45E0A00EEF288 /* Navigation+TabBarController.app */;
			productType = "com.apple.product-type.application";
		};
		73D3E3BC1CB45E0A00EEF288 /* Navigation+TabBarControllerTests */ = {
			isa = PBXNativeTarget;
			buildConfigurationList = 73D3E3D41CB45E0A00EEF288 /* Build configuration list for PBXNativeTarget "Navigation+TabBarControllerTests" */;
			buildPhases = (
				73D3E3B91CB45E0A00EEF288 /* Sources */,
				73D3E3BA1CB45E0A00EEF288 /* Frameworks */,
				73D3E3BB1CB45E0A00EEF288 /* Resources */,
			);
			buildRules = (
			);
			dependencies = (
				73D3E3BF1CB45E0A00EEF288 /* PBXTargetDependency */,
			);
			name = "Navigation+TabBarControllerTests";
			productName = "Navigation+TabBarControllerTests";
			productReference = 73D3E3BD1CB45E0A00EEF288 /* Navigation+TabBarControllerTests.xctest */;
			productType = "com.apple.product-type.bundle.unit-test";
		};
		73D3E3C71CB45E0A00EEF288 /* Navigation+TabBarControllerUITests */ = {
			isa = PBXNativeTarget;
			buildConfigurationList = 73D3E3D71CB45E0A00EEF288 /* Build configuration list for PBXNativeTarget "Navigation+TabBarControllerUITests" */;
			buildPhases = (
				73D3E3C41CB45E0A00EEF288 /* Sources */,
				73D3E3C51CB45E0A00EEF288 /* Frameworks */,
				73D3E3C61CB45E0A00EEF288 /* Resources */,
			);
			buildRules = (
			);
			dependencies = (
				73D3E3CA1CB45E0A00EEF288 /* PBXTargetDependency */,
			);
			name = "Navigation+TabBarControllerUITests";
			productName = "Navigation+TabBarControllerUITests";
			productReference = 73D3E3C81CB45E0A00EEF288 /* Navigation+TabBarControllerUITests.xctest */;
			productType = "com.apple.product-type.bundle.ui-testing";
		};
/* End PBXNativeTarget section */

/* Begin PBXProject section */
		73D3E3A11CB45E0A00EEF288 /* Project object */ = {
			isa = PBXProject;
			attributes = {
				LastSwiftUpdateCheck = 0730;
				LastUpgradeCheck = 0730;
				ORGANIZATIONNAME = "Mihail Costraci";
				TargetAttributes = {
					73D3E3A81CB45E0A00EEF288 = {
						CreatedOnToolsVersion = 7.3;
					};
					73D3E3BC1CB45E0A00EEF288 = {
						CreatedOnToolsVersion = 7.3;
						TestTargetID = 73D3E3A81CB45E0A00EEF288;
					};
					73D3E3C71CB45E0A00EEF288 = {
						CreatedOnToolsVersion = 7.3;
						TestTargetID = 73D3E3A81CB45E0A00EEF288;
					};
				};
			};
			buildConfigurationList = 73D3E3A41CB45E0A00EEF288 /* Build configuration list for PBXProject "Navigation+TabBarController" */;
			compatibilityVersion = "Xcode 3.2";
			developmentRegion = English;
			hasScannedForEncodings = 0;
			knownRegions = (
				en,
				Base,
			);
			mainGroup = 73D3E3A01CB45E0A00EEF288;
			productRefGroup = 73D3E3AA1CB45E0A00EEF288 /* Products */;
			projectDirPath = "";
			projectRoot = "";
			targets = (
				73D3E3A81CB45E0A00EEF288 /* Navigation+TabBarController */,
				73D3E3BC1CB45E0A00EEF288 /* Navigation+TabBarControllerTests */,
				73D3E3C71CB45E0A00EEF288 /* Navigation+TabBarControllerUITests */,
			);
		};
/* End PBXProject section */

/* Begin PBXResourcesBuildPhase section */
		73D3E3A71CB45E0A00EEF288 /* Resources */ = {
			isa = PBXResourcesBuildPhase;
			buildActionMask = 2147483647;
			files = (
				73D3E3B71CB45E0A00EEF288 /* LaunchScreen.storyboard in Resources */,
				73D3E3B41CB45E0A00EEF288 /* Assets.xcassets in Resources */,
				73D3E3B21CB45E0A00EEF288 /* Main.storyboard in Resources */,
			);
			runOnlyForDeploymentPostprocessing = 0;
		};
		73D3E3BB1CB45E0A00EEF288 /* Resources */ = {
			isa = PBXResourcesBuildPhase;
			buildActionMask = 2147483647;
			files = (
			);
			runOnlyForDeploymentPostprocessing = 0;
		};
		73D3E3C61CB45E0A00EEF288 /* Resources */ = {
			isa = PBXResourcesBuildPhase;
			buildActionMask = 2147483647;
			files = (
			);
			runOnlyForDeploymentPostprocessing = 0;
		};
/* End PBXResourcesBuildPhase section */

/* Begin PBXSourcesBuildPhase section */
		73D3E3A51CB45E0A00EEF288 /* Sources */ = {
			isa = PBXSourcesBuildPhase;
			buildActionMask = 2147483647;
			files = (
				73D3E3DD1CB45E4D00EEF288 /* ThirdVC.swift in Sources */,
				73D3E3DB1CB45E2F00EEF288 /* SecondVCViewController.swift in Sources */,
				73D3E3AF1CB45E0A00EEF288 /* ViewController.swift in Sources */,
				73D3E3AD1CB45E0A00EEF288 /* AppDelegate.swift in Sources */,
			);
			runOnlyForDeploymentPostprocessing = 0;
		};
		73D3E3B91CB45E0A00EEF288 /* Sources */ = {
			isa = PBXSourcesBuildPhase;
			buildActionMask = 2147483647;
			files = (
				73D3E3C21CB45E0A00EEF288 /* Navigation_TabBarControllerTests.swift in Sources */,
			);
			runOnlyForDeploymentPostprocessing = 0;
		};
		73D3E3C41CB45E0A00EEF288 /* Sources */ = {
			isa = PBXSourcesBuildPhase;
			buildActionMask = 2147483647;
			files = (
				73D3E3CD1CB45E0A00EEF288 /* Navigation_TabBarControllerUITests.swift in Sources */,
			);
			runOnlyForDeploymentPostprocessing = 0;
		};
/* End PBXSourcesBuildPhase section */

/* Begin PBXTargetDependency section */
		73D3E3BF1CB45E0A00EEF288 /* PBXTargetDependency */ = {
			isa = PBXTargetDependency;
			target = 73D3E3A81CB45E0A00EEF288 /* Navigation+TabBarController */;
			targetProxy = 73D3E3BE1CB45E0A00EEF288 /* PBXContainerItemProxy */;
		};
		73D3E3CA1CB45E0A00EEF288 /* PBXTargetDependency */ = {
			isa = PBXTargetDependency;
			target = 73D3E3A81CB45E0A00EEF288 /* Navigation+TabBarController */;
			targetProxy = 73D3E3C91CB45E0A00EEF288 /* PBXContainerItemProxy */;
		};
/* End PBXTargetDependency section */

/* Begin PBXVariantGroup section */
		73D3E3B01CB45E0A00EEF288 /* Main.storyboard */ = {
			isa = PBXVariantGroup;
			children = (
				73D3E3B11CB45E0A00EEF288 /* Base */,
			);
			name = Main.storyboard;
			sourceTree = "<group>";
		};
		73D3E3B51CB45E0A00EEF288 /* LaunchScreen.storyboard */ = {
			isa = PBXVariantGroup;
			children = (
				73D3E3B61CB45E0A00EEF288 /* Base */,
			);
			name = LaunchScreen.storyboard;
			sourceTree = "<group>";
		};
/* End PBXVariantGroup section */

/* Begin XCBuildConfiguration section */
		73D3E3CF1CB45E0A00EEF288 /* Debug */ = {
			isa = XCBuildConfiguration;
			buildSettings = {
				ALWAYS_SEARCH_USER_PATHS = NO;
				CLANG_ANALYZER_NONNULL = YES;
				CLANG_CXX_LANGUAGE_STANDARD = "gnu++0x";
				CLANG_CXX_LIBRARY = "libc++";
				CLANG_ENABLE_MODULES = YES;
				CLANG_ENABLE_OBJC_ARC = YES;
				CLANG_WARN_BOOL_CONVERSION = YES;
				CLANG_WARN_CONSTANT_CONVERSION = YES;
				CLANG_WARN_DIRECT_OBJC_ISA_USAGE = YES_ERROR;
				CLANG_WARN_EMPTY_BODY = YES;
				CLANG_WARN_ENUM_CONVERSION = YES;
				CLANG_WARN_INT_CONVERSION = YES;
				CLANG_WARN_OBJC_ROOT_CLASS = YES_ERROR;
				CLANG_WARN_UNREACHABLE_CODE = YES;
				CLANG_WARN__DUPLICATE_METHOD_MATCH = YES;
				"CODE_SIGN_IDENTITY[sdk=iphoneos*]" = "iPhone Developer";
				COPY_PHASE_STRIP = NO;
				DEBUG_INFORMATION_FORMAT = dwarf;
				ENABLE_STRICT_OBJC_MSGSEND = YES;
				ENABLE_TESTABILITY = YES;
				GCC_C_LANGUAGE_STANDARD = gnu99;
				GCC_DYNAMIC_NO_PIC = NO;
				GCC_NO_COMMON_BLOCKS = YES;
				GCC_OPTIMIZATION_LEVEL = 0;
				GCC_PREPROCESSOR_DEFINITIONS = (
					"DEBUG=1",
					"$(inherited)",
				);
				GCC_WARN_64_TO_32_BIT_CONVERSION = YES;
				GCC_WARN_ABOUT_RETURN_TYPE = YES_ERROR;
				GCC_WARN_UNDECLARED_SELECTOR = YES;
				GCC_WARN_UNINITIALIZED_AUTOS = YES_AGGRESSIVE;
				GCC_WARN_UNUSED_FUNCTION = YES;
				GCC_WARN_UNUSED_VARIABLE = YES;
				IPHONEOS_DEPLOYMENT_TARGET = 9.3;
				MTL_ENABLE_DEBUG_INFO = YES;
				ONLY_ACTIVE_ARCH = YES;
				SDKROOT = iphoneos;
				SWIFT_OPTIMIZATION_LEVEL = "-Onone";
			};
			name = Debug;
		};
		73D3E3D01CB45E0A00EEF288 /* Release */ = {
			isa = XCBuildConfiguration;
			buildSettings = {
				ALWAYS_SEARCH_USER_PATHS = NO;
				CLANG_ANALYZER_NONNULL = YES;
				CLANG_CXX_LANGUAGE_STANDARD = "gnu++0x";
				CLANG_CXX_LIBRARY = "libc++";
				CLANG_ENABLE_MODULES = YES;
				CLANG_ENABLE_OBJC_ARC = YES;
				CLANG_WARN_BOOL_CONVERSION = YES;
				CLANG_WARN_CONSTANT_CONVERSION = YES;
				CLANG_WARN_DIRECT_OBJC_ISA_USAGE = YES_ERROR;
				CLANG_WARN_EMPTY_BODY = YES;
				CLANG_WARN_ENUM_CONVERSION = YES;
				CLANG_WARN_INT_CONVERSION = YES;
				CLANG_WARN_OBJC_ROOT_CLASS = YES_ERROR;
				CLANG_WARN_UNREACHABLE_CODE = YES;
				CLANG_WARN__DUPLICATE_METHOD_MATCH = YES;
				"CODE_SIGN_IDENTITY[sdk=iphoneos*]" = "iPhone Developer";
				COPY_PHASE_STRIP = NO;
				DEBUG_INFORMATION_FORMAT = "dwarf-with-dsym";
				ENABLE_NS_ASSERTIONS = NO;
				ENABLE_STRICT_OBJC_MSGSEND = YES;
				GCC_C_LANGUAGE_STANDARD = gnu99;
				GCC_NO_COMMON_BLOCKS = YES;
				GCC_WARN_64_TO_32_BIT_CONVERSION = YES;
				GCC_WARN_ABOUT_RETURN_TYPE = YES_ERROR;
				GCC_WARN_UNDECLARED_SELECTOR = YES;
				GCC_WARN_UNINITIALIZED_AUTOS = YES_AGGRESSIVE;
				GCC_WARN_UNUSED_FUNCTION = YES;
				GCC_WARN_UNUSED_VARIABLE = YES;
				IPHONEOS_DEPLOYMENT_TARGET = 9.3;
				MTL_ENABLE_DEBUG_INFO = NO;
				SDKROOT = iphoneos;
				VALIDATE_PRODUCT = YES;
			};
			name = Release;
		};
		73D3E3D21CB45E0A00EEF288 /* Debug */ = {
			isa = XCBuildConfiguration;
			buildSettings = {
				ASSETCATALOG_COMPILER_APPICON_NAME = AppIcon;
				INFOPLIST_FILE = "Navigation+TabBarController/Info.plist";
				LD_RUNPATH_SEARCH_PATHS = "$(inherited) @executable_path/Frameworks";
				PRODUCT_BUNDLE_IDENTIFIER = "com.MihailCostraci..Navigation-TabBarController";
				PRODUCT_NAME = "$(TARGET_NAME)";
			};
			name = Debug;
		};
		73D3E3D31CB45E0A00EEF288 /* Release */ = {
			isa = XCBuildConfiguration;
			buildSettings = {
				ASSETCATALOG_COMPILER_APPICON_NAME = AppIcon;
				INFOPLIST_FILE = "Navigation+TabBarController/Info.plist";
				LD_RUNPATH_SEARCH_PATHS = "$(inherited) @executable_path/Frameworks";
				PRODUCT_BUNDLE_IDENTIFIER = "com.MihailCostraci..Navigation-TabBarController";
				PRODUCT_NAME = "$(TARGET_NAME)";
			};
			name = Release;
		};
		73D3E3D51CB45E0A00EEF288 /* Debug */ = {
			isa = XCBuildConfiguration;
			buildSettings = {
				BUNDLE_LOADER = "$(TEST_HOST)";
				INFOPLIST_FILE = "Navigation+TabBarControllerTests/Info.plist";
				LD_RUNPATH_SEARCH_PATHS = "$(inherited) @executable_path/Frameworks @loader_path/Frameworks";
				PRODUCT_BUNDLE_IDENTIFIER = "com.MihailCostraci..Navigation-TabBarControllerTests";
				PRODUCT_NAME = "$(TARGET_NAME)";
				TEST_HOST = "$(BUILT_PRODUCTS_DIR)/Navigation+TabBarController.app/Navigation+TabBarController";
			};
			name = Debug;
		};
		73D3E3D61CB45E0A00EEF288 /* Release */ = {
			isa = XCBuildConfiguration;
			buildSettings = {
				BUNDLE_LOADER = "$(TEST_HOST)";
				INFOPLIST_FILE = "Navigation+TabBarControllerTests/Info.plist";
				LD_RUNPATH_SEARCH_PATHS = "$(inherited) @executable_path/Frameworks @loader_path/Frameworks";
				PRODUCT_BUNDLE_IDENTIFIER = "com.MihailCostraci..Navigation-TabBarControllerTests";
				PRODUCT_NAME = "$(TARGET_NAME)";
				TEST_HOST = "$(BUILT_PRODUCTS_DIR)/Navigation+TabBarController.app/Navigation+TabBarController";
			};
			name = Release;
		};
		73D3E3D81CB45E0A00EEF288 /* Debug */ = {
			isa = XCBuildConfiguration;
			buildSettings = {
				INFOPLIST_FILE = "Navigation+TabBarControllerUITests/Info.plist";
				LD_RUNPATH_SEARCH_PATHS = "$(inherited) @executable_path/Frameworks @loader_path/Frameworks";
				PRODUCT_BUNDLE_IDENTIFIER = "com.MihailCostraci..Navigation-TabBarControllerUITests";
				PRODUCT_NAME = "$(TARGET_NAME)";
				TEST_TARGET_NAME = "Navigation+TabBarController";
			};
			name = Debug;
		};
		73D3E3D91CB45E0A00EEF288 /* Release */ = {
			isa = XCBuildConfiguration;
			buildSettings = {
				INFOPLIST_FILE = "Navigation+TabBarControllerUITests/Info.plist";
				LD_RUNPATH_SEARCH_PATHS = "$(inherited) @executable_path/Frameworks @loader_path/Frameworks";
				PRODUCT_BUNDLE_IDENTIFIER = "com.MihailCostraci..Navigation-TabBarControllerUITests";
				PRODUCT_NAME = "$(TARGET_NAME)";
				TEST_TARGET_NAME = "Navigation+TabBarController";
			};
			name = Release;
		};
/* End XCBuildConfiguration section */

/* Begin XCConfigurationList section */
		73D3E3A41CB45E0A00EEF288 /* Build configuration list for PBXProject "Navigation+TabBarController" */ = {
			isa = XCConfigurationList;
			buildConfigurations = (
				73D3E3CF1CB45E0A00EEF288 /* Debug */,
				73D3E3D01CB45E0A00EEF288 /* Release */,
			);
			defaultConfigurationIsVisible = 0;
			defaultConfigurationName = Release;
		};
		73D3E3D11CB45E0A00EEF288 /* Build configuration list for PBXNativeTarget "Navigation+TabBarController" */ = {
			isa = XCConfigurationList;
			buildConfigurations = (
				73D3E3D21CB45E0A00EEF288 /* Debug */,
				73D3E3D31CB45E0A00EEF288 /* Release */,
			);
			defaultConfigurationIsVisible = 0;
		};
		73D3E3D41CB45E0A00EEF288 /* Build configuration list for PBXNativeTarget "Navigation+TabBarControllerTests" */ = {
			isa = XCConfigurationList;
			buildConfigurations = (
				73D3E3D51CB45E0A00EEF288 /* Debug */,
				73D3E3D61CB45E0A00EEF288 /* Release */,
			);
			defaultConfigurationIsVisible = 0;
		};
		73D3E3D71CB45E0A00EEF288 /* Build configuration list for PBXNativeTarget "Navigation+TabBarControllerUITests" */ = {
			isa = XCConfigurationList;
			buildConfigurations = (
				73D3E3D81CB45E0A00EEF288 /* Debug */,
				73D3E3D91CB45E0A00EEF288 /* Release */,
			);
			defaultConfigurationIsVisible = 0;
		};
/* End XCConfigurationList section */
	};
	rootObject = 73D3E3A11CB45E0A00EEF288 /* Project object */;
}
